// !$*UTF8*$!
{
	archiveVersion = 1;
	classes = {
	};
	objectVersion = 56;
	objects = {

/* Begin PBXBuildFile section */
		0DF1337C989FE341383F11F2 /* awsconfiguration.json in Resources */ = {isa = PBXBuildFile; fileRef = B3854914B34A46FE66768295 /* awsconfiguration.json */; };
		2FCF77CB5471A9745BDDADA9 /* amplifyconfiguration.json in Resources */ = {isa = PBXBuildFile; fileRef = 046B80964D0DAE09DA17FF1B /* amplifyconfiguration.json */; };
		5D3210F32C208D53007040FE /* swiftUI_navegacionApp.swift in Sources */ = {isa = PBXBuildFile; fileRef = 5D3210F22C208D53007040FE /* swiftUI_navegacionApp.swift */; };
		5D3210F52C208D53007040FE /* ContentView.swift in Sources */ = {isa = PBXBuildFile; fileRef = 5D3210F42C208D53007040FE /* ContentView.swift */; };
		5D3210F72C208D55007040FE /* Assets.xcassets in Resources */ = {isa = PBXBuildFile; fileRef = 5D3210F62C208D55007040FE /* Assets.xcassets */; };
		5D3210FA2C208D55007040FE /* Preview Assets.xcassets in Resources */ = {isa = PBXBuildFile; fileRef = 5D3210F92C208D55007040FE /* Preview Assets.xcassets */; };
		5D3211032C208E1D007040FE /* DetailScreen.swift in Sources */ = {isa = PBXBuildFile; fileRef = 5D3211022C208E1D007040FE /* DetailScreen.swift */; };
		5D3211082C20BB06007040FE /* DetailViewModel.swift in Sources */ = {isa = PBXBuildFile; fileRef = 5D3211072C20BB06007040FE /* DetailViewModel.swift */; };
		5DE0A3722C236AFD00E96430 /* UserChipComponent.swift in Sources */ = {isa = PBXBuildFile; fileRef = 5DE0A3712C236AFD00E96430 /* UserChipComponent.swift */; };
		5DE0A3752C24C24700E96430 /* AWSAPIPlugin in Frameworks */ = {isa = PBXBuildFile; productRef = 5DE0A3742C24C24700E96430 /* AWSAPIPlugin */; };
		5DE0A3772C24C24700E96430 /* AWSCloudWatchLoggingPlugin in Frameworks */ = {isa = PBXBuildFile; productRef = 5DE0A3762C24C24700E96430 /* AWSCloudWatchLoggingPlugin */; };
		5DE0A3792C24C24700E96430 /* AWSCognitoAuthPlugin in Frameworks */ = {isa = PBXBuildFile; productRef = 5DE0A3782C24C24700E96430 /* AWSCognitoAuthPlugin */; };
		5DE0A37B2C24C24700E96430 /* AWSDataStorePlugin in Frameworks */ = {isa = PBXBuildFile; productRef = 5DE0A37A2C24C24700E96430 /* AWSDataStorePlugin */; };
		5DE0A37D2C24C24700E96430 /* AWSLocationGeoPlugin in Frameworks */ = {isa = PBXBuildFile; productRef = 5DE0A37C2C24C24700E96430 /* AWSLocationGeoPlugin */; };
		5DE0A3802C25DBAE00E96430 /* UIBasics.swift in Sources */ = {isa = PBXBuildFile; fileRef = 5DE0A37F2C25DBAE00E96430 /* UIBasics.swift */; };
		5DE0A3872C25E03300E96430 /* PlaywriteUSTrad-ExtraLight.ttf in Resources */ = {isa = PBXBuildFile; fileRef = 5DE0A3832C25DFFC00E96430 /* PlaywriteUSTrad-ExtraLight.ttf */; };
		5DE0A3882C25E03300E96430 /* PlaywriteUSTrad-Light.ttf in Resources */ = {isa = PBXBuildFile; fileRef = 5DE0A3842C25DFFC00E96430 /* PlaywriteUSTrad-Light.ttf */; };
		5DE0A3892C25E03300E96430 /* PlaywriteUSTrad-Regular.ttf in Resources */ = {isa = PBXBuildFile; fileRef = 5DE0A3862C25DFFC00E96430 /* PlaywriteUSTrad-Regular.ttf */; };
		5DE0A38A2C25E03300E96430 /* PlaywriteUSTrad-Thin.ttf in Resources */ = {isa = PBXBuildFile; fileRef = 5DE0A3852C25DFFC00E96430 /* PlaywriteUSTrad-Thin.ttf */; };
/* End PBXBuildFile section */

/* Begin PBXFileReference section */
		046B80964D0DAE09DA17FF1B /* amplifyconfiguration.json */ = {isa = PBXFileReference; explicitFileType = text.json; path = amplifyconfiguration.json; sourceTree = "<group>"; };
		5D3210EF2C208D53007040FE /* swiftUI navegacion.app */ = {isa = PBXFileReference; explicitFileType = wrapper.application; includeInIndex = 0; path = "swiftUI navegacion.app"; sourceTree = BUILT_PRODUCTS_DIR; };
		5D3210F22C208D53007040FE /* swiftUI_navegacionApp.swift */ = {isa = PBXFileReference; lastKnownFileType = sourcecode.swift; path = swiftUI_navegacionApp.swift; sourceTree = "<group>"; };
		5D3210F42C208D53007040FE /* ContentView.swift */ = {isa = PBXFileReference; lastKnownFileType = sourcecode.swift; path = ContentView.swift; sourceTree = "<group>"; };
		5D3210F62C208D55007040FE /* Assets.xcassets */ = {isa = PBXFileReference; lastKnownFileType = folder.assetcatalog; path = Assets.xcassets; sourceTree = "<group>"; };
		5D3210F92C208D55007040FE /* Preview Assets.xcassets */ = {isa = PBXFileReference; lastKnownFileType = folder.assetcatalog; path = "Preview Assets.xcassets"; sourceTree = "<group>"; };
		5D3211022C208E1D007040FE /* DetailScreen.swift */ = {isa = PBXFileReference; lastKnownFileType = sourcecode.swift; path = DetailScreen.swift; sourceTree = "<group>"; };
		5D3211072C20BB06007040FE /* DetailViewModel.swift */ = {isa = PBXFileReference; lastKnownFileType = sourcecode.swift; path = DetailViewModel.swift; sourceTree = "<group>"; };
		5DE0A3712C236AFD00E96430 /* UserChipComponent.swift */ = {isa = PBXFileReference; lastKnownFileType = sourcecode.swift; path = UserChipComponent.swift; sourceTree = "<group>"; };
		5DE0A37F2C25DBAE00E96430 /* UIBasics.swift */ = {isa = PBXFileReference; lastKnownFileType = sourcecode.swift; path = UIBasics.swift; sourceTree = "<group>"; };
		5DE0A3832C25DFFC00E96430 /* PlaywriteUSTrad-ExtraLight.ttf */ = {isa = PBXFileReference; lastKnownFileType = file; path = "PlaywriteUSTrad-ExtraLight.ttf"; sourceTree = "<group>"; };
		5DE0A3842C25DFFC00E96430 /* PlaywriteUSTrad-Light.ttf */ = {isa = PBXFileReference; lastKnownFileType = file; path = "PlaywriteUSTrad-Light.ttf"; sourceTree = "<group>"; };
		5DE0A3852C25DFFC00E96430 /* PlaywriteUSTrad-Thin.ttf */ = {isa = PBXFileReference; lastKnownFileType = file; path = "PlaywriteUSTrad-Thin.ttf"; sourceTree = "<group>"; };
		5DE0A3862C25DFFC00E96430 /* PlaywriteUSTrad-Regular.ttf */ = {isa = PBXFileReference; lastKnownFileType = file; path = "PlaywriteUSTrad-Regular.ttf"; sourceTree = "<group>"; };
		5DE0A38B2C25E1D800E96430 /* swiftUI-navegacion-Info.plist */ = {isa = PBXFileReference; lastKnownFileType = text.plist; path = "swiftUI-navegacion-Info.plist"; sourceTree = SOURCE_ROOT; };
		B3854914B34A46FE66768295 /* awsconfiguration.json */ = {isa = PBXFileReference; explicitFileType = text.json; path = awsconfiguration.json; sourceTree = "<group>"; };
/* End PBXFileReference section */

/* Begin PBXFrameworksBuildPhase section */
		5D3210EC2C208D53007040FE /* Frameworks */ = {
			isa = PBXFrameworksBuildPhase;
			buildActionMask = 2147483647;
			files = (
				5DE0A3752C24C24700E96430 /* AWSAPIPlugin in Frameworks */,
				5DE0A37D2C24C24700E96430 /* AWSLocationGeoPlugin in Frameworks */,
				5DE0A3772C24C24700E96430 /* AWSCloudWatchLoggingPlugin in Frameworks */,
				5DE0A3792C24C24700E96430 /* AWSCognitoAuthPlugin in Frameworks */,
				5DE0A37B2C24C24700E96430 /* AWSDataStorePlugin in Frameworks */,
			);
			runOnlyForDeploymentPostprocessing = 0;
		};
/* End PBXFrameworksBuildPhase section */

/* Begin PBXGroup section */
		5D3210E62C208D53007040FE = {
			isa = PBXGroup;
			children = (
				5D3210F12C208D53007040FE /* swiftUI navegacion */,
				5D3210F02C208D53007040FE /* Products */,
				AF435E98AF2D8C919A8643F0 /* AmplifyConfig */,
			);
			sourceTree = "<group>";
		};
		5D3210F02C208D53007040FE /* Products */ = {
			isa = PBXGroup;
			children = (
				5D3210EF2C208D53007040FE /* swiftUI navegacion.app */,
			);
			name = Products;
			sourceTree = "<group>";
		};
		5D3210F12C208D53007040FE /* swiftUI navegacion */ = {
			isa = PBXGroup;
			children = (
				5DE0A38B2C25E1D800E96430 /* swiftUI-navegacion-Info.plist */,
				5DE0A3822C25DFE100E96430 /* fonts */,
				5D3211002C208DFA007040FE /* Screens */,
				5D3210F22C208D53007040FE /* swiftUI_navegacionApp.swift */,
				5D3210F42C208D53007040FE /* ContentView.swift */,
				5D3210F62C208D55007040FE /* Assets.xcassets */,
				5D3210F82C208D55007040FE /* Preview Content */,
			);
			path = "swiftUI navegacion";
			sourceTree = "<group>";
		};
		5D3210F82C208D55007040FE /* Preview Content */ = {
			isa = PBXGroup;
			children = (
				5D3210F92C208D55007040FE /* Preview Assets.xcassets */,
			);
			path = "Preview Content";
			sourceTree = "<group>";
		};
		5D3211002C208DFA007040FE /* Screens */ = {
			isa = PBXGroup;
			children = (
				5DE0A37E2C25DB8D00E96430 /* UIBasics */,
				5DE0A3702C236AED00E96430 /* Components */,
				5D3211012C208E08007040FE /* Detail */,
			);
			path = Screens;
			sourceTree = "<group>";
		};
		5D3211012C208E08007040FE /* Detail */ = {
			isa = PBXGroup;
			children = (
				5D3211022C208E1D007040FE /* DetailScreen.swift */,
				5D3211072C20BB06007040FE /* DetailViewModel.swift */,
			);
			path = Detail;
			sourceTree = "<group>";
		};
		5DE0A3702C236AED00E96430 /* Components */ = {
			isa = PBXGroup;
			children = (
				5DE0A3712C236AFD00E96430 /* UserChipComponent.swift */,
			);
			path = Components;
			sourceTree = "<group>";
		};
		5DE0A37E2C25DB8D00E96430 /* UIBasics */ = {
			isa = PBXGroup;
			children = (
				5DE0A37F2C25DBAE00E96430 /* UIBasics.swift */,
			);
			path = UIBasics;
			sourceTree = "<group>";
		};
		5DE0A3822C25DFE100E96430 /* fonts */ = {
			isa = PBXGroup;
			children = (
				5DE0A3832C25DFFC00E96430 /* PlaywriteUSTrad-ExtraLight.ttf */,
				5DE0A3842C25DFFC00E96430 /* PlaywriteUSTrad-Light.ttf */,
				5DE0A3862C25DFFC00E96430 /* PlaywriteUSTrad-Regular.ttf */,
				5DE0A3852C25DFFC00E96430 /* PlaywriteUSTrad-Thin.ttf */,
			);
			path = fonts;
			sourceTree = "<group>";
		};
		AF435E98AF2D8C919A8643F0 /* AmplifyConfig */ = {
			isa = PBXGroup;
			children = (
				B3854914B34A46FE66768295 /* awsconfiguration.json */,
				046B80964D0DAE09DA17FF1B /* amplifyconfiguration.json */,
			);
			name = AmplifyConfig;
			sourceTree = "<group>";
		};
/* End PBXGroup section */

/* Begin PBXNativeTarget section */
		5D3210EE2C208D53007040FE /* swiftUI navegacion */ = {
			isa = PBXNativeTarget;
			buildConfigurationList = 5D3210FD2C208D55007040FE /* Build configuration list for PBXNativeTarget "swiftUI navegacion" */;
			buildPhases = (
				5D3210EB2C208D53007040FE /* Sources */,
				5D3210EC2C208D53007040FE /* Frameworks */,
				5D3210ED2C208D53007040FE /* Resources */,
			);
			buildRules = (
			);
			dependencies = (
			);
			name = "swiftUI navegacion";
			packageProductDependencies = (
				5DE0A3742C24C24700E96430 /* AWSAPIPlugin */,
				5DE0A3762C24C24700E96430 /* AWSCloudWatchLoggingPlugin */,
				5DE0A3782C24C24700E96430 /* AWSCognitoAuthPlugin */,
				5DE0A37A2C24C24700E96430 /* AWSDataStorePlugin */,
				5DE0A37C2C24C24700E96430 /* AWSLocationGeoPlugin */,
			);
			productName = "swiftUI navegacion";
			productReference = 5D3210EF2C208D53007040FE /* swiftUI navegacion.app */;
			productType = "com.apple.product-type.application";
		};
/* End PBXNativeTarget section */

/* Begin PBXProject section */
		5D3210E72C208D53007040FE /* Project object */ = {
			isa = PBXProject;
			attributes = {
				BuildIndependentTargetsInParallel = 1;
				LastSwiftUpdateCheck = 1520;
				LastUpgradeCheck = 1520;
				TargetAttributes = {
					5D3210EE2C208D53007040FE = {
						CreatedOnToolsVersion = 15.2;
					};
				};
			};
			buildConfigurationList = 5D3210EA2C208D53007040FE /* Build configuration list for PBXProject "swiftUI navegacion" */;
			compatibilityVersion = "Xcode 14.0";
			developmentRegion = en;
			hasScannedForEncodings = 0;
			knownRegions = (
				en,
				Base,
			);
			mainGroup = 5D3210E62C208D53007040FE;
			packageReferences = (
				5DE0A3732C24C24700E96430 /* XCRemoteSwiftPackageReference "amplify-swift" */,
			);
			productRefGroup = 5D3210F02C208D53007040FE /* Products */;
			projectDirPath = "";
			projectRoot = "";
			targets = (
				5D3210EE2C208D53007040FE /* swiftUI navegacion */,
			);
		};
/* End PBXProject section */

/* Begin PBXResourcesBuildPhase section */
		5D3210ED2C208D53007040FE /* Resources */ = {
			isa = PBXResourcesBuildPhase;
			buildActionMask = 2147483647;
			files = (
				5DE0A3872C25E03300E96430 /* PlaywriteUSTrad-ExtraLight.ttf in Resources */,
				5DE0A3882C25E03300E96430 /* PlaywriteUSTrad-Light.ttf in Resources */,
				5DE0A3892C25E03300E96430 /* PlaywriteUSTrad-Regular.ttf in Resources */,
				5DE0A38A2C25E03300E96430 /* PlaywriteUSTrad-Thin.ttf in Resources */,
				5D3210FA2C208D55007040FE /* Preview Assets.xcassets in Resources */,
				5D3210F72C208D55007040FE /* Assets.xcassets in Resources */,
				0DF1337C989FE341383F11F2 /* awsconfiguration.json in Resources */,
				2FCF77CB5471A9745BDDADA9 /* amplifyconfiguration.json in Resources */,
			);
			runOnlyForDeploymentPostprocessing = 0;
		};
/* End PBXResourcesBuildPhase section */

/* Begin PBXSourcesBuildPhase section */
		5D3210EB2C208D53007040FE /* Sources */ = {
			isa = PBXSourcesBuildPhase;
			buildActionMask = 2147483647;
			files = (
				5D3210F52C208D53007040FE /* ContentView.swift in Sources */,
				5D3210F32C208D53007040FE /* swiftUI_navegacionApp.swift in Sources */,
				5DE0A3802C25DBAE00E96430 /* UIBasics.swift in Sources */,
				5D3211032C208E1D007040FE /* DetailScreen.swift in Sources */,
				5D3211082C20BB06007040FE /* DetailViewModel.swift in Sources */,
				5DE0A3722C236AFD00E96430 /* UserChipComponent.swift in Sources */,
			);
			runOnlyForDeploymentPostprocessing = 0;
		};
/* End PBXSourcesBuildPhase section */

/* Begin XCBuildConfiguration section */
		5D3210FB2C208D55007040FE /* Debug */ = {
			isa = XCBuildConfiguration;
			buildSettings = {
				ALWAYS_SEARCH_USER_PATHS = NO;
				ASSETCATALOG_COMPILER_GENERATE_SWIFT_ASSET_SYMBOL_EXTENSIONS = YES;
				CLANG_ANALYZER_NONNULL = YES;
				CLANG_ANALYZER_NUMBER_OBJECT_CONVERSION = YES_AGGRESSIVE;
				CLANG_CXX_LANGUAGE_STANDARD = "gnu++20";
				CLANG_ENABLE_MODULES = YES;
				CLANG_ENABLE_OBJC_ARC = YES;
				CLANG_ENABLE_OBJC_WEAK = YES;
				CLANG_WARN_BLOCK_CAPTURE_AUTORELEASING = YES;
				CLANG_WARN_BOOL_CONVERSION = YES;
				CLANG_WARN_COMMA = YES;
				CLANG_WARN_CONSTANT_CONVERSION = YES;
				CLANG_WARN_DEPRECATED_OBJC_IMPLEMENTATIONS = YES;
				CLANG_WARN_DIRECT_OBJC_ISA_USAGE = YES_ERROR;
				CLANG_WARN_DOCUMENTATION_COMMENTS = YES;
				CLANG_WARN_EMPTY_BODY = YES;
				CLANG_WARN_ENUM_CONVERSION = YES;
				CLANG_WARN_INFINITE_RECURSION = YES;
				CLANG_WARN_INT_CONVERSION = YES;
				CLANG_WARN_NON_LITERAL_NULL_CONVERSION = YES;
				CLANG_WARN_OBJC_IMPLICIT_RETAIN_SELF = YES;
				CLANG_WARN_OBJC_LITERAL_CONVERSION = YES;
				CLANG_WARN_OBJC_ROOT_CLASS = YES_ERROR;
				CLANG_WARN_QUOTED_INCLUDE_IN_FRAMEWORK_HEADER = YES;
				CLANG_WARN_RANGE_LOOP_ANALYSIS = YES;
				CLANG_WARN_STRICT_PROTOTYPES = YES;
				CLANG_WARN_SUSPICIOUS_MOVE = YES;
				CLANG_WARN_UNGUARDED_AVAILABILITY = YES_AGGRESSIVE;
				CLANG_WARN_UNREACHABLE_CODE = YES;
				CLANG_WARN__DUPLICATE_METHOD_MATCH = YES;
				COPY_PHASE_STRIP = NO;
				DEBUG_INFORMATION_FORMAT = dwarf;
				ENABLE_STRICT_OBJC_MSGSEND = YES;
				ENABLE_TESTABILITY = YES;
				ENABLE_USER_SCRIPT_SANDBOXING = YES;
				GCC_C_LANGUAGE_STANDARD = gnu17;
				GCC_DYNAMIC_NO_PIC = NO;
				GCC_NO_COMMON_BLOCKS = YES;
				GCC_OPTIMIZATION_LEVEL = 0;
				GCC_PREPROCESSOR_DEFINITIONS = (
					"DEBUG=1",
					"$(inherited)",
				);
				GCC_WARN_64_TO_32_BIT_CONVERSION = YES;
				GCC_WARN_ABOUT_RETURN_TYPE = YES_ERROR;
				GCC_WARN_UNDECLARED_SELECTOR = YES;
				GCC_WARN_UNINITIALIZED_AUTOS = YES_AGGRESSIVE;
				GCC_WARN_UNUSED_FUNCTION = YES;
				GCC_WARN_UNUSED_VARIABLE = YES;
				IPHONEOS_DEPLOYMENT_TARGET = 17.2;
				LOCALIZATION_PREFERS_STRING_CATALOGS = YES;
				MTL_ENABLE_DEBUG_INFO = INCLUDE_SOURCE;
				MTL_FAST_MATH = YES;
				ONLY_ACTIVE_ARCH = YES;
				SDKROOT = iphoneos;
				SWIFT_ACTIVE_COMPILATION_CONDITIONS = "DEBUG $(inherited)";
				SWIFT_OPTIMIZATION_LEVEL = "-Onone";
			};
			name = Debug;
		};
		5D3210FC2C208D55007040FE /* Release */ = {
			isa = XCBuildConfiguration;
			buildSettings = {
				ALWAYS_SEARCH_USER_PATHS = NO;
				ASSETCATALOG_COMPILER_GENERATE_SWIFT_ASSET_SYMBOL_EXTENSIONS = YES;
				CLANG_ANALYZER_NONNULL = YES;
				CLANG_ANALYZER_NUMBER_OBJECT_CONVERSION = YES_AGGRESSIVE;
				CLANG_CXX_LANGUAGE_STANDARD = "gnu++20";
				CLANG_ENABLE_MODULES = YES;
				CLANG_ENABLE_OBJC_ARC = YES;
				CLANG_ENABLE_OBJC_WEAK = YES;
				CLANG_WARN_BLOCK_CAPTURE_AUTORELEASING = YES;
				CLANG_WARN_BOOL_CONVERSION = YES;
				CLANG_WARN_COMMA = YES;
				CLANG_WARN_CONSTANT_CONVERSION = YES;
				CLANG_WARN_DEPRECATED_OBJC_IMPLEMENTATIONS = YES;
				CLANG_WARN_DIRECT_OBJC_ISA_USAGE = YES_ERROR;
				CLANG_WARN_DOCUMENTATION_COMMENTS = YES;
				CLANG_WARN_EMPTY_BODY = YES;
				CLANG_WARN_ENUM_CONVERSION = YES;
				CLANG_WARN_INFINITE_RECURSION = YES;
				CLANG_WARN_INT_CONVERSION = YES;
				CLANG_WARN_NON_LITERAL_NULL_CONVERSION = YES;
				CLANG_WARN_OBJC_IMPLICIT_RETAIN_SELF = YES;
				CLANG_WARN_OBJC_LITERAL_CONVERSION = YES;
				CLANG_WARN_OBJC_ROOT_CLASS = YES_ERROR;
				CLANG_WARN_QUOTED_INCLUDE_IN_FRAMEWORK_HEADER = YES;
				CLANG_WARN_RANGE_LOOP_ANALYSIS = YES;
				CLANG_WARN_STRICT_PROTOTYPES = YES;
				CLANG_WARN_SUSPICIOUS_MOVE = YES;
				CLANG_WARN_UNGUARDED_AVAILABILITY = YES_AGGRESSIVE;
				CLANG_WARN_UNREACHABLE_CODE = YES;
				CLANG_WARN__DUPLICATE_METHOD_MATCH = YES;
				COPY_PHASE_STRIP = NO;
				DEBUG_INFORMATION_FORMAT = "dwarf-with-dsym";
				ENABLE_NS_ASSERTIONS = NO;
				ENABLE_STRICT_OBJC_MSGSEND = YES;
				ENABLE_USER_SCRIPT_SANDBOXING = YES;
				GCC_C_LANGUAGE_STANDARD = gnu17;
				GCC_NO_COMMON_BLOCKS = YES;
				GCC_WARN_64_TO_32_BIT_CONVERSION = YES;
				GCC_WARN_ABOUT_RETURN_TYPE = YES_ERROR;
				GCC_WARN_UNDECLARED_SELECTOR = YES;
				GCC_WARN_UNINITIALIZED_AUTOS = YES_AGGRESSIVE;
				GCC_WARN_UNUSED_FUNCTION = YES;
				GCC_WARN_UNUSED_VARIABLE = YES;
				IPHONEOS_DEPLOYMENT_TARGET = 17.2;
				LOCALIZATION_PREFERS_STRING_CATALOGS = YES;
				MTL_ENABLE_DEBUG_INFO = NO;
				MTL_FAST_MATH = YES;
				SDKROOT = iphoneos;
				SWIFT_COMPILATION_MODE = wholemodule;
				VALIDATE_PRODUCT = YES;
			};
			name = Release;
		};
		5D3210FE2C208D55007040FE /* Debug */ = {
			isa = XCBuildConfiguration;
			buildSettings = {
				ASSETCATALOG_COMPILER_APPICON_NAME = AppIcon;
				ASSETCATALOG_COMPILER_GLOBAL_ACCENT_COLOR_NAME = AccentColor;
				CODE_SIGN_STYLE = Automatic;
				CURRENT_PROJECT_VERSION = 1;
				DEVELOPMENT_ASSET_PATHS = "\"swiftUI navegacion/Preview Content\"";
				DEVELOPMENT_TEAM = M4772AA7B2;
				ENABLE_PREVIEWS = YES;
				GENERATE_INFOPLIST_FILE = YES;
				INFOPLIST_FILE = "swiftUI-navegacion-Info.plist";
				INFOPLIST_KEY_LSApplicationCategoryType = "";
				INFOPLIST_KEY_UIApplicationSceneManifest_Generation = YES;
				INFOPLIST_KEY_UIApplicationSupportsIndirectInputEvents = YES;
				INFOPLIST_KEY_UILaunchScreen_Generation = YES;
				INFOPLIST_KEY_UISupportedInterfaceOrientations_iPad = "UIInterfaceOrientationPortrait UIInterfaceOrientationPortraitUpsideDown UIInterfaceOrientationLandscapeLeft UIInterfaceOrientationLandscapeRight";
				INFOPLIST_KEY_UISupportedInterfaceOrientations_iPhone = "UIInterfaceOrientationPortrait UIInterfaceOrientationLandscapeLeft UIInterfaceOrientationLandscapeRight";
				LD_RUNPATH_SEARCH_PATHS = (
					"$(inherited)",
					"@executable_path/Frameworks",
				);
				MARKETING_VERSION = 1.0;
				PRODUCT_BUNDLE_IDENTIFIER = "com.dav.swiftUI-navegacion";
				PRODUCT_NAME = "$(TARGET_NAME)";
				SWIFT_EMIT_LOC_STRINGS = YES;
				SWIFT_VERSION = 5.0;
				TARGETED_DEVICE_FAMILY = "1,2";
			};
			name = Debug;
		};
		5D3210FF2C208D55007040FE /* Release */ = {
			isa = XCBuildConfiguration;
			buildSettings = {
				ASSETCATALOG_COMPILER_APPICON_NAME = AppIcon;
				ASSETCATALOG_COMPILER_GLOBAL_ACCENT_COLOR_NAME = AccentColor;
				CODE_SIGN_STYLE = Automatic;
				CURRENT_PROJECT_VERSION = 1;
				DEVELOPMENT_ASSET_PATHS = "\"swiftUI navegacion/Preview Content\"";
				DEVELOPMENT_TEAM = M4772AA7B2;
				ENABLE_PREVIEWS = YES;
				GENERATE_INFOPLIST_FILE = YES;
				INFOPLIST_FILE = "swiftUI-navegacion-Info.plist";
				INFOPLIST_KEY_LSApplicationCategoryType = "";
				INFOPLIST_KEY_UIApplicationSceneManifest_Generation = YES;
				INFOPLIST_KEY_UIApplicationSupportsIndirectInputEvents = YES;
				INFOPLIST_KEY_UILaunchScreen_Generation = YES;
				INFOPLIST_KEY_UISupportedInterfaceOrientations_iPad = "UIInterfaceOrientationPortrait UIInterfaceOrientationPortraitUpsideDown UIInterfaceOrientationLandscapeLeft UIInterfaceOrientationLandscapeRight";
				INFOPLIST_KEY_UISupportedInterfaceOrientations_iPhone = "UIInterfaceOrientationPortrait UIInterfaceOrientationLandscapeLeft UIInterfaceOrientationLandscapeRight";
				LD_RUNPATH_SEARCH_PATHS = (
					"$(inherited)",
					"@executable_path/Frameworks",
				);
				MARKETING_VERSION = 1.0;
				PRODUCT_BUNDLE_IDENTIFIER = "com.dav.swiftUI-navegacion";
				PRODUCT_NAME = "$(TARGET_NAME)";
				SWIFT_EMIT_LOC_STRINGS = YES;
				SWIFT_VERSION = 5.0;
				TARGETED_DEVICE_FAMILY = "1,2";
			};
			name = Release;
		};
/* End XCBuildConfiguration section */

/* Begin XCConfigurationList section */
		5D3210EA2C208D53007040FE /* Build configuration list for PBXProject "swiftUI navegacion" */ = {
			isa = XCConfigurationList;
			buildConfigurations = (
				5D3210FB2C208D55007040FE /* Debug */,
				5D3210FC2C208D55007040FE /* Release */,
			);
			defaultConfigurationIsVisible = 0;
			defaultConfigurationName = Release;
		};
		5D3210FD2C208D55007040FE /* Build configuration list for PBXNativeTarget "swiftUI navegacion" */ = {
			isa = XCConfigurationList;
			buildConfigurations = (
				5D3210FE2C208D55007040FE /* Debug */,
				5D3210FF2C208D55007040FE /* Release */,
			);
			defaultConfigurationIsVisible = 0;
			defaultConfigurationName = Release;
		};
/* End XCConfigurationList section */

/* Begin XCRemoteSwiftPackageReference section */
		5DE0A3732C24C24700E96430 /* XCRemoteSwiftPackageReference "amplify-swift" */ = {
			isa = XCRemoteSwiftPackageReference;
			repositoryURL = "https://github.com/aws-amplify/amplify-swift";
			requirement = {
				kind = upToNextMajorVersion;
				minimumVersion = 2.35.3;
			};
		};
/* End XCRemoteSwiftPackageReference section */

/* Begin XCSwiftPackageProductDependency section */
		5DE0A3742C24C24700E96430 /* AWSAPIPlugin */ = {
			isa = XCSwiftPackageProductDependency;
			package = 5DE0A3732C24C24700E96430 /* XCRemoteSwiftPackageReference "amplify-swift" */;
			productName = AWSAPIPlugin;
		};
		5DE0A3762C24C24700E96430 /* AWSCloudWatchLoggingPlugin */ = {
			isa = XCSwiftPackageProductDependency;
			package = 5DE0A3732C24C24700E96430 /* XCRemoteSwiftPackageReference "amplify-swift" */;
			productName = AWSCloudWatchLoggingPlugin;
		};
		5DE0A3782C24C24700E96430 /* AWSCognitoAuthPlugin */ = {
			isa = XCSwiftPackageProductDependency;
			package = 5DE0A3732C24C24700E96430 /* XCRemoteSwiftPackageReference "amplify-swift" */;
			productName = AWSCognitoAuthPlugin;
		};
		5DE0A37A2C24C24700E96430 /* AWSDataStorePlugin */ = {
			isa = XCSwiftPackageProductDependency;
			package = 5DE0A3732C24C24700E96430 /* XCRemoteSwiftPackageReference "amplify-swift" */;
			productName = AWSDataStorePlugin;
		};
		5DE0A37C2C24C24700E96430 /* AWSLocationGeoPlugin */ = {
			isa = XCSwiftPackageProductDependency;
			package = 5DE0A3732C24C24700E96430 /* XCRemoteSwiftPackageReference "amplify-swift" */;
			productName = AWSLocationGeoPlugin;
		};
/* End XCSwiftPackageProductDependency section */
	};
	rootObject = 5D3210E72C208D53007040FE /* Project object */;
}
